<?xml version="1.0" encoding="utf-8"?>
<Project ToolsVersion="4.0" xmlns="http://schemas.microsoft.com/developer/msbuild/2003">
  <ItemGroup>
    <Filter Include="Source Files">
      <UniqueIdentifier>{4FC737F1-C7A5-4376-A066-2A32D752A2FF}</UniqueIdentifier>
      <Extensions>cpp;c;cc;cxx;def;odl;idl;hpj;bat;asm;asmx</Extensions>
    </Filter>
    <Filter Include="Header Files">
      <UniqueIdentifier>{93995380-89BD-4b04-88EB-625FBE52EBFB}</UniqueIdentifier>
      <Extensions>h;hpp;hxx;hm;inl;inc;xsd</Extensions>
    </Filter>
    <Filter Include="Resource Files">
      <UniqueIdentifier>{67DA6AB6-F800-4c08-8B7A-83BB121AAD01}</UniqueIdentifier>
      <Extensions>rc;ico;cur;bmp;dlg;rc2;rct;bin;rgs;gif;jpg;jpeg;jpe;resx;tiff;tif;png;wav;mfcribbon-ms</Extensions>
    </Filter>
  </ItemGroup>
  <ItemGroup>
    <ClInclude Include="..\apar_defs.h">
      <Filter>Header Files</Filter>
    </ClInclude>
    <ClInclude Include="..\arnoldi.h">
      <Filter>Header Files</Filter>
    </ClInclude>
    <ClInclude Include="..\arnoldi_generic.h">
      <Filter>Header Files</Filter>
    </ClInclude>
    <ClInclude Include="..\cuda_forall.h">
      <Filter>Header Files</Filter>
    </ClInclude>
    <ClInclude Include="..\cuda_matmul.h">
      <Filter>Header Files</Filter>
    </ClInclude>
    <ClInclude Include="..\cuda_reduce.h">
      <Filter>Header Files</Filter>
    </ClInclude>
  </ItemGroup>
  <ItemGroup>
    <ClCompile Include="..\carnoldi.c">
      <Filter>Source Files</Filter>
    </ClCompile>
    <ClCompile Include="..\clanczos.c">
      <Filter>Source Files</Filter>
    </ClCompile>
    <ClCompile Include="..\dlanczos.c">
      <Filter>Source Files</Filter>
    </ClCompile>
    <ClCompile Include="..\lanczos_test.c">
      <Filter>Source Files</Filter>
    </ClCompile>
    <ClCompile Include="..\slanczos.c">
      <Filter>Source Files</Filter>
    </ClCompile>
    <ClCompile Include="..\zarnoldi.c">
      <Filter>Source Files</Filter>
    </ClCompile>
    <ClCompile Include="..\zlanczos.c">
      <Filter>Source Files</Filter>
    </ClCompile>
  </ItemGroup>
  <ItemGroup>
    <None Include="..\LICENSE" />
    <None Include="..\README.md" />
  </ItemGroup>
  <ItemGroup>
    <Library Include="libf2c.lib" />
    <Library Include="blas.lib" />
    <Library Include="lapack.lib" />
  </ItemGroup>
</Project>